
Microsoft Visual Studio Solution File, Format Version 12.00
# Visual Studio Version 17
VisualStudioVersion = 17.2.32516.85
MinimumVisualStudioVersion = 10.0.40219.1
Project("{8BC9CEB8-8B4A-11D0-8D11-00A0C91BC942}") = "prep", "prep\prep.vcxproj", "{22F22E7F-F767-40CE-8466-68C39D764AE7}"
EndProject
Project("{8BC9CEB8-8B4A-11D0-8D11-00A0C91BC942}") = "client", "client\client.vcxproj", "{12A099ED-48DF-47D1-8A3D-501F18718579}"
EndProject
Global
	GlobalSection(SolutionConfigurationPlatforms) = preSolution
		Debug|x64 = Debug|x64
		Debug|x86 = Debug|x86
		Release|x64 = Release|x64
		Release|x86 = Release|x86
	EndGlobalSection
	GlobalSection(ProjectConfigurationPlatforms) = postSolution
		{22F22E7F-F767-40CE-8466-68C39D764AE7}.Debug|x64.ActiveCfg = Debug|x64
		{22F22E7F-F767-40CE-8466-68C39D764AE7}.Debug|x64.Build.0 = Debug|x64
		{22F22E7F-F767-40CE-8466-68C39D764AE7}.Debug|x86.ActiveCfg = Debug|Win32
		{22F22E7F-F767-40CE-8466-68C39D764AE7}.Debug|x86.Build.0 = Debug|Win32
		{22F22E7F-F767-40CE-8466-68C39D764AE7}.Release|x64.ActiveCfg = Release|x64
		{22F22E7F-F767-40CE-8466-68C39D764AE7}.Release|x64.Build.0 = Release|x64
		{22F22E7F-F767-40CE-8466-68C39D764AE7}.Release|x86.ActiveCfg = Release|Win32
		{22F22E7F-F767-40CE-8466-68C39D764AE7}.Release|x86.Build.0 = Release|Win32
		{12A099ED-48DF-47D1-8A3D-501F18718579}.Debug|x64.ActiveCfg = Debug|x64
		{12A099ED-48DF-47D1-8A3D-501F18718579}.Debug|x64.Build.0 = Debug|x64
		{12A099ED-48DF-47D1-8A3D-501F18718579}.Debug|x86.ActiveCfg = Debug|Win32
		{12A099ED-48DF-47D1-8A3D-501F18718579}.Debug|x86.Build.0 = Debug|Win32
		{12A099ED-48DF-47D1-8A3D-501F18718579}.Release|x64.ActiveCfg = Release|x64
		{12A099ED-48DF-47D1-8A3D-501F18718579}.Release|x64.Build.0 = Release|x64
		{12A099ED-48DF-47D1-8A3D-501F18718579}.Release|x86.ActiveCfg = Release|Win32
		{12A099ED-48DF-47D1-8A3D-501F18718579}.Release|x86.Build.0 = Release|Win32
	EndGlobalSection
	GlobalSection(SolutionProperties) = preSolution
		HideSolutionNode = FALSE
	EndGlobalSection
	GlobalSection(ExtensibilityGlobals) = postSolution
		SolutionGuid = {D84CBA2E-2DC4-4F9C-9F37-3569E0CC22C0}
	EndGlobalSection
EndGlobal
